
Microsoft Visual Studio Solution File, Format Version 12.00
# Visual Studio 15
Project("{FAE04EC0-301F-11D3-BF4B-00C04F79EFBC}") = "Demo 2 Mini HINT", "Demo 2 Mini HINT.csproj", "{F3B15462-D3D4-4FD9-3A1C-7B365EF0E89C}"
EndProject
Project("{FAE04EC0-301F-11D3-BF4B-00C04F79EFBC}") = "Demo 2 Mini HINT.Editor", "Demo 2 Mini HINT.Editor.csproj", "{0F279B0D-4E82-107E-5C81-3572D87A7129}"
EndProject
Global
	GlobalSection(SolutionConfigurationPlatforms) = preSolution
		Debug|Any CPU = Debug|Any CPU
		Release|Any CPU = Release|Any CPU
	EndGlobalSection
	GlobalSection(ProjectConfigurationPlatforms) = postSolution
		{F3B15462-D3D4-4FD9-3A1C-7B365EF0E89C}.Debug|Any CPU.ActiveCfg = Debug|Any CPU
		{F3B15462-D3D4-4FD9-3A1C-7B365EF0E89C}.Debug|Any CPU.Build.0 = Debug|Any CPU
		{F3B15462-D3D4-4FD9-3A1C-7B365EF0E89C}.Release|Any CPU.ActiveCfg = Release|Any CPU
		{F3B15462-D3D4-4FD9-3A1C-7B365EF0E89C}.Release|Any CPU.Build.0 = Release|Any CPU
		{0F279B0D-4E82-107E-5C81-3572D87A7129}.Debug|Any CPU.ActiveCfg = Debug|Any CPU
		{0F279B0D-4E82-107E-5C81-3572D87A7129}.Debug|Any CPU.Build.0 = Debug|Any CPU
		{0F279B0D-4E82-107E-5C81-3572D87A7129}.Release|Any CPU.ActiveCfg = Release|Any CPU
		{0F279B0D-4E82-107E-5C81-3572D87A7129}.Release|Any CPU.Build.0 = Release|Any CPU
	EndGlobalSection
	GlobalSection(SolutionProperties) = preSolution
		HideSolutionNode = FALSE
	EndGlobalSection
EndGlobal
